
Microsoft Visual Studio Solution File, Format Version 12.00
# Visual Studio Version 16
VisualStudioVersion = 16.0.30114.105
MinimumVisualStudioVersion = 10.0.40219.1
Project("{8BC9CEB8-8B4A-11D0-8D11-00A0C91BC942}") = "MagicalNumber", "MagicalNumber.vcxproj", "{259935E5-BD60-47AA-86EE-8962B7DC65FA}"
EndProject
Global
	GlobalSection(SolutionConfigurationPlatforms) = preSolution
		Debug|x64 = Debug|x64
		Debug|x86 = Debug|x86
		Release|x64 = Release|x64
		Release|x86 = Release|x86
	EndGlobalSection
	GlobalSection(ProjectConfigurationPlatforms) = postSolution
		{259935E5-BD60-47AA-86EE-8962B7DC65FA}.Debug|x64.ActiveCfg = Debug|x64
		{259935E5-BD60-47AA-86EE-8962B7DC65FA}.Debug|x64.Build.0 = Debug|x64
		{259935E5-BD60-47AA-86EE-8962B7DC65FA}.Debug|x86.ActiveCfg = Debug|Win32
		{259935E5-BD60-47AA-86EE-8962B7DC65FA}.Debug|x86.Build.0 = Debug|Win32
		{259935E5-BD60-47AA-86EE-8962B7DC65FA}.Release|x64.ActiveCfg = Release|x64
		{259935E5-BD60-47AA-86EE-8962B7DC65FA}.Release|x64.Build.0 = Release|x64
		{259935E5-BD60-47AA-86EE-8962B7DC65FA}.Release|x86.ActiveCfg = Release|Win32
		{259935E5-BD60-47AA-86EE-8962B7DC65FA}.Release|x86.Build.0 = Release|Win32
	EndGlobalSection
	GlobalSection(SolutionProperties) = preSolution
		HideSolutionNode = FALSE
	EndGlobalSection
	GlobalSection(ExtensibilityGlobals) = postSolution
		SolutionGuid = {B5C6B462-E1A5-45EB-A91A-568ECDBFD13A}
	EndGlobalSection
EndGlobal
