<?xml version="1.0" encoding="utf-8"?>
<Project ToolsVersion="4.0" xmlns="http://schemas.microsoft.com/developer/msbuild/2003">
  <ItemGroup>
    <Filter Include="ソース ファイル">
      <UniqueIdentifier>{4FC737F1-C7A5-4376-A066-2A32D752A2FF}</UniqueIdentifier>
      <Extensions>cpp;c;cc;cxx;c++;def;odl;idl;hpj;bat;asm;asmx</Extensions>
    </Filter>
    <Filter Include="リソース ファイル">
      <UniqueIdentifier>{67DA6AB6-F800-4c08-8B7A-83BB121AAD01}</UniqueIdentifier>
      <Extensions>rc;ico;cur;bmp;dlg;rc2;rct;bin;rgs;gif;jpg;jpeg;jpe;resx;tiff;tif;png;wav;mfcribbon-ms</Extensions>
    </Filter>
    <Filter Include="ソース ファイル\InGame">
      <UniqueIdentifier>{cfe3ee2f-ea00-4e10-ba25-b09fb1d624d7}</UniqueIdentifier>
    </Filter>
    <Filter Include="ソース ファイル\DeckSelect">
      <UniqueIdentifier>{239c745f-f2a1-4108-85b7-06735e35a499}</UniqueIdentifier>
    </Filter>
    <Filter Include="ソース ファイル\Title">
      <UniqueIdentifier>{10040f4b-df10-44c3-a2b3-e148e78c5c2c}</UniqueIdentifier>
    </Filter>
    <Filter Include="ソース ファイル\use">
      <UniqueIdentifier>{7d8cbde7-2a72-41f4-9d54-735291d8d1b5}</UniqueIdentifier>
    </Filter>
    <Filter Include="ソース ファイル\Attack">
      <UniqueIdentifier>{60aa7ea7-8f3c-4f5f-ac04-05e777f4ed54}</UniqueIdentifier>
    </Filter>
  </ItemGroup>
  <ItemGroup>
    <ClCompile Include="source\Attack\CutIn.cpp">
      <Filter>ソース ファイル\Attack</Filter>
    </ClCompile>
    <ClCompile Include="source\Attack\Attack.cpp">
      <Filter>ソース ファイル\Attack</Filter>
    </ClCompile>
    <ClCompile Include="source\Attack\AttackEffect.cpp">
      <Filter>ソース ファイル\Attack</Filter>
    </ClCompile>
    <ClCompile Include="source\Attack\Comb.cpp">
      <Filter>ソース ファイル\Attack</Filter>
    </ClCompile>
    <ClCompile Include="source\DeckSelect\DeckSelectBG.cpp">
      <Filter>ソース ファイル\DeckSelect</Filter>
    </ClCompile>
    <ClCompile Include="source\DeckSelect\SelectCard.cpp">
      <Filter>ソース ファイル\DeckSelect</Filter>
    </ClCompile>
    <ClCompile Include="source\DeckSelect\ChoiceCard.cpp">
      <Filter>ソース ファイル\DeckSelect</Filter>
    </ClCompile>
    <ClCompile Include="source\DeckSelect\DeckSelect.cpp">
      <Filter>ソース ファイル\DeckSelect</Filter>
    </ClCompile>
    <ClCompile Include="source\InGame\InGameBG.cpp">
      <Filter>ソース ファイル\InGame</Filter>
    </ClCompile>
    <ClCompile Include="source\InGame\MagicNumber.cpp">
      <Filter>ソース ファイル\InGame</Filter>
    </ClCompile>
    <ClCompile Include="source\InGame\Player.cpp">
      <Filter>ソース ファイル\InGame</Filter>
    </ClCompile>
    <ClCompile Include="source\InGame\Timer.cpp">
      <Filter>ソース ファイル\InGame</Filter>
    </ClCompile>
    <ClCompile Include="source\InGame\TurnNumber.cpp">
      <Filter>ソース ファイル\InGame</Filter>
    </ClCompile>
    <ClCompile Include="source\InGame\Answer.cpp">
      <Filter>ソース ファイル\InGame</Filter>
    </ClCompile>
    <ClCompile Include="source\InGame\Deck.cpp">
      <Filter>ソース ファイル\InGame</Filter>
    </ClCompile>
    <ClCompile Include="source\InGame\Field.cpp">
      <Filter>ソース ファイル\InGame</Filter>
    </ClCompile>
    <ClCompile Include="source\InGame\Formula.cpp">
      <Filter>ソース ファイル\InGame</Filter>
    </ClCompile>
    <ClCompile Include="source\InGame\Hp.cpp">
      <Filter>ソース ファイル\InGame</Filter>
    </ClCompile>
    <ClCompile Include="source\Title\TitleCharacter.cpp">
      <Filter>ソース ファイル\Title</Filter>
    </ClCompile>
    <ClCompile Include="source\Title\TitleMenu.cpp">
      <Filter>ソース ファイル\Title</Filter>
    </ClCompile>
    <ClCompile Include="source\Title\Help.cpp">
      <Filter>ソース ファイル\Title</Filter>
    </ClCompile>
    <ClCompile Include="source\Title\MenuSelect.cpp">
      <Filter>ソース ファイル\Title</Filter>
    </ClCompile>
    <ClCompile Include="source\Title\MenuString.cpp">
      <Filter>ソース ファイル\Title</Filter>
    </ClCompile>
    <ClCompile Include="source\Title\Title.cpp">
      <Filter>ソース ファイル\Title</Filter>
    </ClCompile>
    <ClCompile Include="source\Use\SoundManager.cpp">
      <Filter>ソース ファイル\use</Filter>
    </ClCompile>
    <ClCompile Include="source\Use\Tween.cpp">
      <Filter>ソース ファイル\use</Filter>
    </ClCompile>
    <ClCompile Include="source\Use\Effect.cpp">
      <Filter>ソース ファイル\use</Filter>
    </ClCompile>
    <ClCompile Include="source\Use\Fade.cpp">
      <Filter>ソース ファイル\use</Filter>
    </ClCompile>
    <ClCompile Include="source\Use\MTRandom.cpp">
      <Filter>ソース ファイル\use</Filter>
    </ClCompile>
    <ClCompile Include="source\Use\Parameter.cpp">
      <Filter>ソース ファイル\use</Filter>
    </ClCompile>
    <ClCompile Include="source\main.cpp">
      <Filter>ソース ファイル</Filter>
    </ClCompile>
    <ClCompile Include="source\ObjectBace.cpp">
      <Filter>ソース ファイル</Filter>
    </ClCompile>
    <ClCompile Include="source\ResourceServer.cpp">
      <Filter>ソース ファイル</Filter>
    </ClCompile>
    <ClCompile Include="source\Select.cpp">
      <Filter>ソース ファイル</Filter>
    </ClCompile>
    <ClCompile Include="source\Sign.cpp">
      <Filter>ソース ファイル</Filter>
    </ClCompile>
    <ClCompile Include="source\Card.cpp">
      <Filter>ソース ファイル</Filter>
    </ClCompile>
    <ClCompile Include="source\DrawNumber.cpp">
      <Filter>ソース ファイル</Filter>
    </ClCompile>
    <ClCompile Include="source\Game.cpp">
      <Filter>ソース ファイル</Filter>
    </ClCompile>
    <ClCompile Include="source\Input.cpp">
      <Filter>ソース ファイル</Filter>
    </ClCompile>
  </ItemGroup>
  <ItemGroup>
    <ClInclude Include="source\Attack\CutIn.h">
      <Filter>ソース ファイル\Attack</Filter>
    </ClInclude>
    <ClInclude Include="source\Attack\Attack.h">
      <Filter>ソース ファイル\Attack</Filter>
    </ClInclude>
    <ClInclude Include="source\Attack\AttackEffect.h">
      <Filter>ソース ファイル\Attack</Filter>
    </ClInclude>
    <ClInclude Include="source\Attack\Comb.h">
      <Filter>ソース ファイル\Attack</Filter>
    </ClInclude>
    <ClInclude Include="source\DeckSelect\DeckSelectBG.h">
      <Filter>ソース ファイル\DeckSelect</Filter>
    </ClInclude>
    <ClInclude Include="source\DeckSelect\SelectCard.h">
      <Filter>ソース ファイル\DeckSelect</Filter>
    </ClInclude>
    <ClInclude Include="source\DeckSelect\ChoiceCard.h">
      <Filter>ソース ファイル\DeckSelect</Filter>
    </ClInclude>
    <ClInclude Include="source\DeckSelect\DeckSelect.h">
      <Filter>ソース ファイル\DeckSelect</Filter>
    </ClInclude>
    <ClInclude Include="source\InGame\InGameBG.h">
      <Filter>ソース ファイル\InGame</Filter>
    </ClInclude>
    <ClInclude Include="source\InGame\MagicNumber.h">
      <Filter>ソース ファイル\InGame</Filter>
    </ClInclude>
    <ClInclude Include="source\InGame\Player.h">
      <Filter>ソース ファイル\InGame</Filter>
    </ClInclude>
    <ClInclude Include="source\InGame\Timer.h">
      <Filter>ソース ファイル\InGame</Filter>
    </ClInclude>
    <ClInclude Include="source\InGame\TurnNumber.h">
      <Filter>ソース ファイル\InGame</Filter>
    </ClInclude>
    <ClInclude Include="source\InGame\Answer.h">
      <Filter>ソース ファイル\InGame</Filter>
    </ClInclude>
    <ClInclude Include="source\InGame\Deck.h">
      <Filter>ソース ファイル\InGame</Filter>
    </ClInclude>
    <ClInclude Include="source\InGame\Field.h">
      <Filter>ソース ファイル\InGame</Filter>
    </ClInclude>
    <ClInclude Include="source\InGame\Formula.h">
      <Filter>ソース ファイル\InGame</Filter>
    </ClInclude>
    <ClInclude Include="source\InGame\Hp.h">
      <Filter>ソース ファイル\InGame</Filter>
    </ClInclude>
    <ClInclude Include="source\Title\TitleCharacter.h">
      <Filter>ソース ファイル\Title</Filter>
    </ClInclude>
    <ClInclude Include="source\Title\TitleMenu.h">
      <Filter>ソース ファイル\Title</Filter>
    </ClInclude>
    <ClInclude Include="source\Title\Help.h">
      <Filter>ソース ファイル\Title</Filter>
    </ClInclude>
    <ClInclude Include="source\Title\MenuSelect.h">
      <Filter>ソース ファイル\Title</Filter>
    </ClInclude>
    <ClInclude Include="source\Title\MenuString.h">
      <Filter>ソース ファイル\Title</Filter>
    </ClInclude>
    <ClInclude Include="source\Title\Title.h">
      <Filter>ソース ファイル\Title</Filter>
    </ClInclude>
    <ClInclude Include="source\Use\Parameter.h">
      <Filter>ソース ファイル\use</Filter>
    </ClInclude>
    <ClInclude Include="source\Use\SoundManager.h">
      <Filter>ソース ファイル\use</Filter>
    </ClInclude>
    <ClInclude Include="source\Use\Tween.h">
      <Filter>ソース ファイル\use</Filter>
    </ClInclude>
    <ClInclude Include="source\Use\Types.h">
      <Filter>ソース ファイル\use</Filter>
    </ClInclude>
    <ClInclude Include="source\Use\Effect.h">
      <Filter>ソース ファイル\use</Filter>
    </ClInclude>
    <ClInclude Include="source\Use\Fade.h">
      <Filter>ソース ファイル\use</Filter>
    </ClInclude>
    <ClInclude Include="source\Use\MTRandom.h">
      <Filter>ソース ファイル\use</Filter>
    </ClInclude>
    <ClInclude Include="source\Input.h">
      <Filter>ソース ファイル</Filter>
    </ClInclude>
    <ClInclude Include="source\ObjectBace.h">
      <Filter>ソース ファイル</Filter>
    </ClInclude>
    <ClInclude Include="source\ResourceServer.h">
      <Filter>ソース ファイル</Filter>
    </ClInclude>
    <ClInclude Include="source\Select.h">
      <Filter>ソース ファイル</Filter>
    </ClInclude>
    <ClInclude Include="source\Sign.h">
      <Filter>ソース ファイル</Filter>
    </ClInclude>
    <ClInclude Include="source\Card.h">
      <Filter>ソース ファイル</Filter>
    </ClInclude>
    <ClInclude Include="source\DrawNumber.h">
      <Filter>ソース ファイル</Filter>
    </ClInclude>
    <ClInclude Include="source\Game.h">
      <Filter>ソース ファイル</Filter>
    </ClInclude>
  </ItemGroup>
</Project>